{
  "lockfileVersion": 1,
  "configVersion": 1,
  "workspaces": {
    "": {
      "name": "ifc-viewer",
      "devDependencies": {
        "@types/stats.js": "^0.17.4",
      },
    },
    "apps/playground": {
      "name": "ifc-viewer/playground",
      "version": "0.1.0",
      "dependencies": {
        "@ademattos/bunbox": "0.3.4",
        "@radix-ui/react-label": "^2.1.8",
        "@radix-ui/react-progress": "^1.1.8",
        "@radix-ui/react-slot": "^1.2.4",
        "bun-plugin-tailwind": "^0.1.2",
        "class-variance-authority": "^0.7.1",
        "clsx": "^2.1.1",
        "ifc-viewer": "workspace:*",
        "lucide-react": "^0.561.0",
        "react": "^19.2.0",
        "react-dom": "^19.2.0",
        "tailwind-merge": "^3.4.0",
        "tailwindcss": "^4",
        "tw-animate-css": "^1.4.0",
      },
      "devDependencies": {
        "@types/bun": "latest",
        "@types/react": "^19.2.0",
        "@types/react-dom": "^19.2.0",
        "typescript": "^5",
      },
    },
    "packages/ifc-viewer": {
      "name": "ifc-viewer",
      "dependencies": {
        "@thatopen/components": "^3.2.6",
        "@thatopen/components-front": "^3.2.16",
        "@thatopen/fragments": "^3.2.13",
        "stats.js": "^0.17.0",
        "three": "^0.182.0",
        "web-ifc": "^0.0.74",
      },
      "devDependencies": {
        "@types/bun": "latest",
        "@types/react": "^18.3.0",
        "@types/three": "^0.182.0",
      },
      "peerDependencies": {
        "react": "^18.3.0 || ^19.0.0",
        "typescript": "^5",
      },
    },
  },
  "packages": {
    "@ademattos/bunbox": ["@ademattos/bunbox@0.3.4", "", { "dependencies": { "bun": "^1.3.2" }, "peerDependencies": { "react": "^18.3.0 || ^19.0.0", "react-dom": "^18.3.0 || ^19.0.0", "typescript": "^5" }, "bin": { "bunbox": "bin/cli.ts" } }, "sha512-gbnt/4/REyStd9ZJHIHnAz96YmLj4d4A/Z5D03M3EYRiEV1VoNeA9ym5u9jrKn2iA+qOY1tbYwf+J27UpHxzSg=="],

    "@dimforge/rapier3d-compat": ["@dimforge/rapier3d-compat@0.12.0", "", {}, "sha512-uekIGetywIgopfD97oDL5PfeezkFpNhwlzlaEYNOA0N6ghdsOvh/HYjSMek5Q2O1PYvRSDFcqFVJl4r4ZBwOow=="],

    "@oven/bun-darwin-aarch64": ["@oven/bun-darwin-aarch64@1.3.4", "", { "os": "darwin", "cpu": "arm64" }, "sha512-2Ie4jDGvNGuPSD+pyyBKL8dJmX+bZfDNYEalwgROImVtwB1XYAatJK20dMaRlPA7jOhjvS9Io+4IZAJu7Js0AA=="],

    "@oven/bun-darwin-x64": ["@oven/bun-darwin-x64@1.3.4", "", { "os": "darwin", "cpu": "x64" }, "sha512-4/BJojT8hk5g6Gecjn5yI7y96/+9Mtzsvdp9+2dcy9sTMdlV7jBvDzswqyJPZyQqw0F3HV3Vu9XuMubZwKd9lA=="],

    "@oven/bun-darwin-x64-baseline": ["@oven/bun-darwin-x64-baseline@1.3.4", "", { "os": "darwin", "cpu": "x64" }, "sha512-ZYxzIOCDqylTMsnWYERjKMMuK2b4an4qbloBmUZTwLHmVzos00yrhtpitZhJBgH6yB/l4Q5eoJ2W98UKtFFeiQ=="],

    "@oven/bun-linux-aarch64": ["@oven/bun-linux-aarch64@1.3.4", "", { "os": "linux", "cpu": "arm64" }, "sha512-8DUIlanftMdFxLGq2FxwKwfrp8O4ZofF/8Oc6lxCyEFmg2hixbHhL04+fPfJIi5D4hZloynxZdwTeDbGv/Kc4A=="],

    "@oven/bun-linux-aarch64-musl": ["@oven/bun-linux-aarch64-musl@1.3.4", "", { "os": "linux", "cpu": "arm64" }, "sha512-6UtmM4wXgRKz+gnLZEfddfsuBSVQpJr09K12e5pbdnLzeWgXYlBT5FG8S7SVn1t6cbgBMnigEsFjWwfTuMNoCw=="],

    "@oven/bun-linux-x64": ["@oven/bun-linux-x64@1.3.4", "", { "os": "linux", "cpu": "x64" }, "sha512-03iSDMqdrmIFAsvsRptq+A7EGNjkg20dNzPnqxAlXHk5rc1PeIRWIP0eIn0i3nI6mmdj33mimf9AGr0+d0lKMg=="],

    "@oven/bun-linux-x64-baseline": ["@oven/bun-linux-x64-baseline@1.3.4", "", { "os": "linux", "cpu": "x64" }, "sha512-ZMGPbFPqmG/VYJv61D+Y1V7T23jPK57vYl7yYLakmkTRjG6vcJ0Akhb2qR1iW94rHvfEBjeuVDAZBp8Qp9oyWA=="],

    "@oven/bun-linux-x64-musl": ["@oven/bun-linux-x64-musl@1.3.4", "", { "os": "linux", "cpu": "x64" }, "sha512-xUXPuJHndGhk4K3Cx1FgTyTgDZOn+ki3eWvdXYqKdfi0EaNA9KpUq+/vUtpJbZRjzpHs9L+OJcdDILq5H0LX4g=="],

    "@oven/bun-linux-x64-musl-baseline": ["@oven/bun-linux-x64-musl-baseline@1.3.4", "", { "os": "linux", "cpu": "x64" }, "sha512-qsGSSlNsxiX8lAayK2uYCfMLtqu776F0nn7qoyzg9Ti7mElM3woNh7RtGClTwQ6qsp5/UvgqT9g4pLaDHmqJFg=="],

    "@oven/bun-windows-x64": ["@oven/bun-windows-x64@1.3.4", "", { "os": "win32", "cpu": "x64" }, "sha512-nswsuN6+HZPim6x4tFpDFpMa/qpTKfywbGvCkzxwrbJO9MtpuW/54NA1nFbHhpV14OLU0xuxyBj2PK4FHq4MlA=="],

    "@oven/bun-windows-x64-baseline": ["@oven/bun-windows-x64-baseline@1.3.4", "", { "os": "win32", "cpu": "x64" }, "sha512-ZQiSDFfSUdOrPTiL2GvkxlC/kMED4fsJwdZnwJK6S9ylXnk9xY/9ZXfe1615SFLQl2LsVRzJAtjQLeM0BifIKQ=="],

    "@radix-ui/react-compose-refs": ["@radix-ui/react-compose-refs@1.1.2", "", { "peerDependencies": { "@types/react": "*", "react": "^16.8 || ^17.0 || ^18.0 || ^19.0 || ^19.0.0-rc" }, "optionalPeers": ["@types/react"] }, "sha512-z4eqJvfiNnFMHIIvXP3CY57y2WJs5g2v3X0zm9mEJkrkNv4rDxu+sg9Jh8EkXyeqBkB7SOcboo9dMVqhyrACIg=="],

    "@radix-ui/react-context": ["@radix-ui/react-context@1.1.3", "", { "peerDependencies": { "@types/react": "*", "react": "^16.8 || ^17.0 || ^18.0 || ^19.0 || ^19.0.0-rc" }, "optionalPeers": ["@types/react"] }, "sha512-ieIFACdMpYfMEjF0rEf5KLvfVyIkOz6PDGyNnP+u+4xQ6jny3VCgA4OgXOwNx2aUkxn8zx9fiVcM8CfFYv9Lxw=="],

    "@radix-ui/react-label": ["@radix-ui/react-label@2.1.8", "", { "dependencies": { "@radix-ui/react-primitive": "2.1.4" }, "peerDependencies": { "@types/react": "*", "@types/react-dom": "*", "react": "^16.8 || ^17.0 || ^18.0 || ^19.0 || ^19.0.0-rc", "react-dom": "^16.8 || ^17.0 || ^18.0 || ^19.0 || ^19.0.0-rc" }, "optionalPeers": ["@types/react", "@types/react-dom"] }, "sha512-FmXs37I6hSBVDlO4y764TNz1rLgKwjJMQ0EGte6F3Cb3f4bIuHB/iLa/8I9VKkmOy+gNHq8rql3j686ACVV21A=="],

    "@radix-ui/react-primitive": ["@radix-ui/react-primitive@2.1.4", "", { "dependencies": { "@radix-ui/react-slot": "1.2.4" }, "peerDependencies": { "@types/react": "*", "@types/react-dom": "*", "react": "^16.8 || ^17.0 || ^18.0 || ^19.0 || ^19.0.0-rc", "react-dom": "^16.8 || ^17.0 || ^18.0 || ^19.0 || ^19.0.0-rc" }, "optionalPeers": ["@types/react", "@types/react-dom"] }, "sha512-9hQc4+GNVtJAIEPEqlYqW5RiYdrr8ea5XQ0ZOnD6fgru+83kqT15mq2OCcbe8KnjRZl5vF3ks69AKz3kh1jrhg=="],

    "@radix-ui/react-progress": ["@radix-ui/react-progress@1.1.8", "", { "dependencies": { "@radix-ui/react-context": "1.1.3", "@radix-ui/react-primitive": "2.1.4" }, "peerDependencies": { "@types/react": "*", "@types/react-dom": "*", "react": "^16.8 || ^17.0 || ^18.0 || ^19.0 || ^19.0.0-rc", "react-dom": "^16.8 || ^17.0 || ^18.0 || ^19.0 || ^19.0.0-rc" }, "optionalPeers": ["@types/react", "@types/react-dom"] }, "sha512-+gISHcSPUJ7ktBy9RnTqbdKW78bcGke3t6taawyZ71pio1JewwGSJizycs7rLhGTvMJYCQB1DBK4KQsxs7U8dA=="],

    "@radix-ui/react-slot": ["@radix-ui/react-slot@1.2.4", "", { "dependencies": { "@radix-ui/react-compose-refs": "1.1.2" }, "peerDependencies": { "@types/react": "*", "react": "^16.8 || ^17.0 || ^18.0 || ^19.0 || ^19.0.0-rc" }, "optionalPeers": ["@types/react"] }, "sha512-Jl+bCv8HxKnlTLVrcDE8zTMJ09R9/ukw4qBs/oZClOfoQk/cOTbDn+NceXfV7j09YPVQUryJPHurafcSg6EVKA=="],

    "@thatopen/components": ["@thatopen/components@3.2.6", "", { "dependencies": { "camera-controls": "^2.9.0", "fast-xml-parser": "4.4.1", "jszip": "3.10.1", "three-mesh-bvh": "0.7.0" }, "peerDependencies": { "@thatopen/fragments": "~3.2.0", "three": ">=0.175.0", "web-ifc": ">=0.0.72" } }, "sha512-R4XHjLzaXS2crNf8/ofJnff1KywkfZPhaBXOZGPRb0Za8kuS4Q2HZ3Z3R/UxIdUU50NWhL7IZPgHdgu3EKPCXA=="],

    "@thatopen/components-front": ["@thatopen/components-front@3.2.16", "", { "dependencies": { "@thatopen/components": "~3.2.0", "earcut": "^3.0.1" }, "peerDependencies": { "@thatopen/fragments": "~3.2.0", "three": ">=0.175.0", "web-ifc": ">=0.0.72" } }, "sha512-eFvvT3h+8jdMxYs1OdSwsognE4l0FvqKpeQBACipz4R1Cfdi+KzBGiWtA+zLObLcrwkm/j3zXJCCGKwR/pjedQ=="],

    "@thatopen/fragments": ["@thatopen/fragments@3.2.13", "", { "dependencies": { "earcut": "^3.0.1", "flatbuffers": "25.2.10", "lru-cache": "11.1.0", "pako": "2.1.0" }, "peerDependencies": { "three": ">=0.175", "web-ifc": ">=0.0.72" } }, "sha512-i/Mn6TmI92f1jmfiFbM9u2seGjduTIE7+H18pxyBycv3ES/TRGNuj8/tl/hmmHxvCWX4gCtShxt5+FBXUTq5Hw=="],

    "@tweenjs/tween.js": ["@tweenjs/tween.js@23.1.3", "", {}, "sha512-vJmvvwFxYuGnF2axRtPYocag6Clbb5YS7kLL+SO/TeVFzHqDIWrNKYtcsPMibjDx9O+bu+psAy9NKfWklassUA=="],

    "@types/bun": ["@types/bun@1.3.4", "", { "dependencies": { "bun-types": "1.3.4" } }, "sha512-EEPTKXHP+zKGPkhRLv+HI0UEX8/o+65hqARxLy8Ov5rIxMBPNTjeZww00CIihrIQGEQBYg+0roO5qOnS/7boGA=="],

    "@types/node": ["@types/node@25.0.2", "", { "dependencies": { "undici-types": "~7.16.0" } }, "sha512-gWEkeiyYE4vqjON/+Obqcoeffmk0NF15WSBwSs7zwVA2bAbTaE0SJ7P0WNGoJn8uE7fiaV5a7dKYIJriEqOrmA=="],

    "@types/prop-types": ["@types/prop-types@15.7.15", "", {}, "sha512-F6bEyamV9jKGAFBEmlQnesRPGOQqS2+Uwi0Em15xenOxHaf2hv6L8YCVn3rPdPJOiJfPiCnLIRyvwVaqMY3MIw=="],

    "@types/react": ["@types/react@18.3.27", "", { "dependencies": { "@types/prop-types": "*", "csstype": "^3.2.2" } }, "sha512-cisd7gxkzjBKU2GgdYrTdtQx1SORymWyaAFhaxQPK9bYO9ot3Y5OikQRvY0VYQtvwjeQnizCINJAenh/V7MK2w=="],

    "@types/react-dom": ["@types/react-dom@19.2.3", "", { "peerDependencies": { "@types/react": "^19.2.0" } }, "sha512-jp2L/eY6fn+KgVVQAOqYItbF0VY/YApe5Mz2F0aykSO8gx31bYCZyvSeYxCHKvzHG5eZjc+zyaS5BrBWya2+kQ=="],

    "@types/stats.js": ["@types/stats.js@0.17.4", "", {}, "sha512-jIBvWWShCvlBqBNIZt0KAshWpvSjhkwkEu4ZUcASoAvhmrgAUI2t1dXrjSL4xXVLB4FznPrIsX3nKXFl/Dt4vA=="],

    "@types/three": ["@types/three@0.182.0", "", { "dependencies": { "@dimforge/rapier3d-compat": "~0.12.0", "@tweenjs/tween.js": "~23.1.3", "@types/stats.js": "*", "@types/webxr": ">=0.5.17", "@webgpu/types": "*", "fflate": "~0.8.2", "meshoptimizer": "~0.22.0" } }, "sha512-WByN9V3Sbwbe2OkWuSGyoqQO8Du6yhYaXtXLoA5FkKTUJorZ+yOHBZ35zUUPQXlAKABZmbYp5oAqpA4RBjtJ/Q=="],

    "@types/webxr": ["@types/webxr@0.5.24", "", {}, "sha512-h8fgEd/DpoS9CBrjEQXR+dIDraopAEfu4wYVNY2tEPwk60stPWhvZMf4Foo5FakuQ7HFZoa8WceaWFervK2Ovg=="],

    "@webgpu/types": ["@webgpu/types@0.1.68", "", {}, "sha512-3ab1B59Ojb6RwjOspYLsTpCzbNB3ZaamIAxBMmvnNkiDoLTZUOBXZ9p5nAYVEkQlDdf6qAZWi1pqj9+ypiqznA=="],

    "bun": ["bun@1.3.4", "", { "optionalDependencies": { "@oven/bun-darwin-aarch64": "1.3.4", "@oven/bun-darwin-x64": "1.3.4", "@oven/bun-darwin-x64-baseline": "1.3.4", "@oven/bun-linux-aarch64": "1.3.4", "@oven/bun-linux-aarch64-musl": "1.3.4", "@oven/bun-linux-x64": "1.3.4", "@oven/bun-linux-x64-baseline": "1.3.4", "@oven/bun-linux-x64-musl": "1.3.4", "@oven/bun-linux-x64-musl-baseline": "1.3.4", "@oven/bun-windows-x64": "1.3.4", "@oven/bun-windows-x64-baseline": "1.3.4" }, "os": [ "linux", "win32", "darwin", ], "cpu": [ "x64", "arm64", ], "bin": { "bun": "bin/bun.exe", "bunx": "bin/bunx.exe" } }, "sha512-xV6KgD5ImquuKsoghzbWmYzeCXmmSgN6yJGz444hri2W+NGKNRFUNrEhy9+/rRXbvNA2qF0K0jAwqFNy1/GhBg=="],

    "bun-plugin-tailwind": ["bun-plugin-tailwind@0.1.2", "", { "peerDependencies": { "bun": ">=1.0.0" } }, "sha512-41jNC1tZRSK3s1o7pTNrLuQG8kL/0vR/JgiTmZAJ1eHwe0w5j6HFPKeqEk0WAD13jfrUC7+ULuewFBBCoADPpg=="],

    "bun-types": ["bun-types@1.3.4", "", { "dependencies": { "@types/node": "*" } }, "sha512-5ua817+BZPZOlNaRgGBpZJOSAQ9RQ17pkwPD0yR7CfJg+r8DgIILByFifDTa+IPDDxzf5VNhtNlcKqFzDgJvlQ=="],

    "camera-controls": ["camera-controls@2.10.1", "", { "peerDependencies": { "three": ">=0.126.1" } }, "sha512-KnaKdcvkBJ1Irbrzl8XD6WtZltkRjp869Jx8c0ujs9K+9WD+1D7ryBsCiVqJYUqt6i/HR5FxT7RLASieUD+Q5w=="],

    "class-variance-authority": ["class-variance-authority@0.7.1", "", { "dependencies": { "clsx": "^2.1.1" } }, "sha512-Ka+9Trutv7G8M6WT6SeiRWz792K5qEqIGEGzXKhAE6xOWAY6pPH8U+9IY3oCMv6kqTmLsv7Xh/2w2RigkePMsg=="],

    "clsx": ["clsx@2.1.1", "", {}, "sha512-eYm0QWBtUrBWZWG0d386OGAw16Z995PiOVo2B7bjWSbHedGl5e0ZWaq65kOGgUSNesEIDkB9ISbTg/JK9dhCZA=="],

    "core-util-is": ["core-util-is@1.0.3", "", {}, "sha512-ZQBvi1DcpJ4GDqanjucZ2Hj3wEO5pZDS89BWbkcrvdxksJorwUDDZamX9ldFkp9aw2lmBDLgkObEA4DWNJ9FYQ=="],

    "csstype": ["csstype@3.2.3", "", {}, "sha512-z1HGKcYy2xA8AGQfwrn0PAy+PB7X/GSj3UVJW9qKyn43xWa+gl5nXmU4qqLMRzWVLFC8KusUX8T/0kCiOYpAIQ=="],

    "earcut": ["earcut@3.0.2", "", {}, "sha512-X7hshQbLyMJ/3RPhyObLARM2sNxxmRALLKx1+NVFFnQ9gKzmCrxm9+uLIAdBcvc8FNLpctqlQ2V6AE92Ol9UDQ=="],

    "fast-xml-parser": ["fast-xml-parser@4.4.1", "", { "dependencies": { "strnum": "^1.0.5" }, "bin": { "fxparser": "src/cli/cli.js" } }, "sha512-xkjOecfnKGkSsOwtZ5Pz7Us/T6mrbPQrq0nh+aCO5V9nk5NLWmasAHumTKjiPJPWANe+kAZ84Jc8ooJkzZ88Sw=="],

    "fflate": ["fflate@0.8.2", "", {}, "sha512-cPJU47OaAoCbg0pBvzsgpTPhmhqI5eJjh/JIu8tPj5q+T7iLvW/JAYUqmE7KOB4R1ZyEhzBaIQpQpardBF5z8A=="],

    "flatbuffers": ["flatbuffers@25.2.10", "", {}, "sha512-7JlN9ZvLDG1McO3kbX0k4v+SUAg48L1rIwEvN6ZQl/eCtgJz9UylTMzE9wrmYrcorgxm3CX/3T/w5VAub99UUw=="],

    "ifc-viewer": ["ifc-viewer@workspace:packages/ifc-viewer"],

    "ifc-viewer/playground": ["ifc-viewer/playground@workspace:apps/playground"],

    "immediate": ["immediate@3.0.6", "", {}, "sha512-XXOFtyqDjNDAQxVfYxuF7g9Il/IbWmmlQg2MYKOH8ExIT1qg6xc4zyS3HaEEATgs1btfzxq15ciUiY7gjSXRGQ=="],

    "inherits": ["inherits@2.0.4", "", {}, "sha512-k/vGaX4/Yla3WzyMCvTQOXYeIHvqOKtnqBduzTHpzpQZzAskKMhZ2K+EnBiSM9zGSoIFeMpXKxa4dYeZIQqewQ=="],

    "isarray": ["isarray@1.0.0", "", {}, "sha512-VLghIWNM6ELQzo7zwmcg0NmTVyWKYjvIeM83yjp0wRDTmUnrM678fQbcKBo6n2CJEF0szoG//ytg+TKla89ALQ=="],

    "jszip": ["jszip@3.10.1", "", { "dependencies": { "lie": "~3.3.0", "pako": "~1.0.2", "readable-stream": "~2.3.6", "setimmediate": "^1.0.5" } }, "sha512-xXDvecyTpGLrqFrvkrUSoxxfJI5AH7U8zxxtVclpsUtMCq4JQ290LY8AW5c7Ggnr/Y/oK+bQMbqK2qmtk3pN4g=="],

    "lie": ["lie@3.3.0", "", { "dependencies": { "immediate": "~3.0.5" } }, "sha512-UaiMJzeWRlEujzAuw5LokY1L5ecNQYZKfmyZ9L7wDHb/p5etKaxXhohBcrw0EYby+G/NA52vRSN4N39dxHAIwQ=="],

    "lru-cache": ["lru-cache@11.1.0", "", {}, "sha512-QIXZUBJUx+2zHUdQujWejBkcD9+cs94tLn0+YL8UrCh+D5sCXZ4c7LaEH48pNwRY3MLDgqUFyhlCyjJPf1WP0A=="],

    "lucide-react": ["lucide-react@0.561.0", "", { "peerDependencies": { "react": "^16.5.1 || ^17.0.0 || ^18.0.0 || ^19.0.0" } }, "sha512-Y59gMY38tl4/i0qewcqohPdEbieBy7SovpBL9IFebhc2mDd8x4PZSOsiFRkpPcOq6bj1r/mjH/Rk73gSlIJP2A=="],

    "meshoptimizer": ["meshoptimizer@0.22.0", "", {}, "sha512-IebiK79sqIy+E4EgOr+CAw+Ke8hAspXKzBd0JdgEmPHiAwmvEj2S4h1rfvo+o/BnfEYd/jAOg5IeeIjzlzSnDg=="],

    "pako": ["pako@2.1.0", "", {}, "sha512-w+eufiZ1WuJYgPXbV/PO3NCMEc3xqylkKHzp8bxp1uW4qaSNQUkwmLLEc3kKsfz8lpV1F8Ht3U1Cm+9Srog2ug=="],

    "process-nextick-args": ["process-nextick-args@2.0.1", "", {}, "sha512-3ouUOpQhtgrbOa17J7+uxOTpITYWaGP7/AhoR3+A+/1e9skrzelGi/dXzEYyvbxubEF6Wn2ypscTKiKJFFn1ag=="],

    "react": ["react@19.2.3", "", {}, "sha512-Ku/hhYbVjOQnXDZFv2+RibmLFGwFdeeKHFcOTlrt7xplBnya5OGn/hIRDsqDiSUcfORsDC7MPxwork8jBwsIWA=="],

    "react-dom": ["react-dom@19.2.3", "", { "dependencies": { "scheduler": "^0.27.0" }, "peerDependencies": { "react": "^19.2.3" } }, "sha512-yELu4WmLPw5Mr/lmeEpox5rw3RETacE++JgHqQzd2dg+YbJuat3jH4ingc+WPZhxaoFzdv9y33G+F7Nl5O0GBg=="],

    "readable-stream": ["readable-stream@2.3.8", "", { "dependencies": { "core-util-is": "~1.0.0", "inherits": "~2.0.3", "isarray": "~1.0.0", "process-nextick-args": "~2.0.0", "safe-buffer": "~5.1.1", "string_decoder": "~1.1.1", "util-deprecate": "~1.0.1" } }, "sha512-8p0AUk4XODgIewSi0l8Epjs+EVnWiK7NoDIEGU0HhE7+ZyY8D1IMY7odu5lRrFXGg71L15KG8QrPmum45RTtdA=="],

    "safe-buffer": ["safe-buffer@5.1.2", "", {}, "sha512-Gd2UZBJDkXlY7GbJxfsE8/nvKkUEU1G38c1siN6QP6a9PT9MmHB8GnpscSmMJSoF8LOIrt8ud/wPtojys4G6+g=="],

    "scheduler": ["scheduler@0.27.0", "", {}, "sha512-eNv+WrVbKu1f3vbYJT/xtiF5syA5HPIMtf9IgY/nKg0sWqzAUEvqY/xm7OcZc/qafLx/iO9FgOmeSAp4v5ti/Q=="],

    "setimmediate": ["setimmediate@1.0.5", "", {}, "sha512-MATJdZp8sLqDl/68LfQmbP8zKPLQNV6BIZoIgrscFDQ+RsvK/BxeDQOgyxKKoh0y/8h3BqVFnCqQ/gd+reiIXA=="],

    "stats.js": ["stats.js@0.17.0", "", {}, "sha512-hNKz8phvYLPEcRkeG1rsGmV5ChMjKDAWU7/OJJdDErPBNChQXxCo3WZurGpnWc6gZhAzEPFad1aVgyOANH1sMw=="],

    "string_decoder": ["string_decoder@1.1.1", "", { "dependencies": { "safe-buffer": "~5.1.0" } }, "sha512-n/ShnvDi6FHbbVfviro+WojiFzv+s8MPMHBczVePfUpDJLwoLT0ht1l4YwBCbi8pJAveEEdnkHyPyTP/mzRfwg=="],

    "strnum": ["strnum@1.1.2", "", {}, "sha512-vrN+B7DBIoTTZjnPNewwhx6cBA/H+IS7rfW68n7XxC1y7uoiGQBxaKzqucGUgavX15dJgiGztLJ8vxuEzwqBdA=="],

    "tailwind-merge": ["tailwind-merge@3.4.0", "", {}, "sha512-uSaO4gnW+b3Y2aWoWfFpX62vn2sR3skfhbjsEnaBI81WD1wBLlHZe5sWf0AqjksNdYTbGBEd0UasQMT3SNV15g=="],

    "tailwindcss": ["tailwindcss@4.1.18", "", {}, "sha512-4+Z+0yiYyEtUVCScyfHCxOYP06L5Ne+JiHhY2IjR2KWMIWhJOYZKLSGZaP5HkZ8+bY0cxfzwDE5uOmzFXyIwxw=="],

    "three": ["three@0.182.0", "", {}, "sha512-GbHabT+Irv+ihI1/f5kIIsZ+Ef9Sl5A1Y7imvS5RQjWgtTPfPnZ43JmlYI7NtCRDK9zir20lQpfg8/9Yd02OvQ=="],

    "three-mesh-bvh": ["three-mesh-bvh@0.7.0", "", { "peerDependencies": { "three": ">= 0.151.0" } }, "sha512-Hj0Z1Rp02yy5H+/xtMBu/dYAeRsSONaBaVLZoST9sMpZxycHypRiUeMHucPOLWFHnpc5hwelOnONcLpkfhDg0Q=="],

    "tw-animate-css": ["tw-animate-css@1.4.0", "", {}, "sha512-7bziOlRqH0hJx80h/3mbicLW7o8qLsH5+RaLR2t+OHM3D0JlWGODQKQ4cxbK7WlvmUxpcj6Kgu6EKqjrGFe3QQ=="],

    "typescript": ["typescript@5.9.3", "", { "bin": { "tsc": "bin/tsc", "tsserver": "bin/tsserver" } }, "sha512-jl1vZzPDinLr9eUt3J/t7V6FgNEw9QjvBPdysz9KfQDD41fQrC2Y4vKQdiaUpFT4bXlb1RHhLpp8wtm6M5TgSw=="],

    "undici-types": ["undici-types@7.16.0", "", {}, "sha512-Zz+aZWSj8LE6zoxD+xrjh4VfkIG8Ya6LvYkZqtUQGJPZjYl53ypCaUwWqo7eI0x66KBGeRo+mlBEkMSeSZ38Nw=="],

    "util-deprecate": ["util-deprecate@1.0.2", "", {}, "sha512-EPD5q1uXyFxJpCrLnCc1nHnq3gOa6DZBocAIiI2TaSCA7VCJ1UJDMagCzIkXNsUYfD1daK//LTEQ8xiIbrHtcw=="],

    "web-ifc": ["web-ifc@0.0.74", "", {}, "sha512-WFVxKrt81koT0mA1I5gVChc9/xsnqGZ1KzVxLhy+h43cs6z2hy8tuTtXuA/BPVUkzEzWn+EwNOozF+HHo6G6RA=="],

    "@types/react-dom/@types/react": ["@types/react@19.2.7", "", { "dependencies": { "csstype": "^3.2.2" } }, "sha512-MWtvHrGZLFttgeEj28VXHxpmwYbor/ATPYbBfSFZEIRK0ecCFLl2Qo55z52Hss+UV9CRN7trSeq1zbgx7YDWWg=="],

    "ifc-viewer/playground/@types/react": ["@types/react@19.2.7", "", { "dependencies": { "csstype": "^3.2.2" } }, "sha512-MWtvHrGZLFttgeEj28VXHxpmwYbor/ATPYbBfSFZEIRK0ecCFLl2Qo55z52Hss+UV9CRN7trSeq1zbgx7YDWWg=="],

    "jszip/pako": ["pako@1.0.11", "", {}, "sha512-4hLB8Py4zZce5s4yd9XzopqwVv/yGNhV1Bl8NTmCq1763HeK2+EwVTv+leGeL13Dnh2wfbqowVPXCIO0z4taYw=="],
  }
}
